
Microsoft Visual Studio Solution File, Format Version 12.00
# Visual Studio Version 17
VisualStudioVersion = 17.4.33110.190
MinimumVisualStudioVersion = 10.0.40219.1
Project("{8BC9CEB8-8B4A-11D0-8D11-00A0C91BC942}") = "pomelo_ffi", "pomelo_ffi\pomelo_ffi.vcxproj", "{7E69F39F-C4FF-497C-AEB8-48CA421C0813}"
EndProject
Global
	GlobalSection(SolutionConfigurationPlatforms) = preSolution
		Debug|x64 = Debug|x64
		Debug|x86 = Debug|x86
		Release|x64 = Release|x64
		Release|x86 = Release|x86
	EndGlobalSection
	GlobalSection(ProjectConfigurationPlatforms) = postSolution
		{7E69F39F-C4FF-497C-AEB8-48CA421C0813}.Debug|x64.ActiveCfg = Debug|x64
		{7E69F39F-C4FF-497C-AEB8-48CA421C0813}.Debug|x64.Build.0 = Debug|x64
		{7E69F39F-C4FF-497C-AEB8-48CA421C0813}.Debug|x86.ActiveCfg = Debug|Win32
		{7E69F39F-C4FF-497C-AEB8-48CA421C0813}.Debug|x86.Build.0 = Debug|Win32
		{7E69F39F-C4FF-497C-AEB8-48CA421C0813}.Release|x64.ActiveCfg = Release|x64
		{7E69F39F-C4FF-497C-AEB8-48CA421C0813}.Release|x64.Build.0 = Release|x64
		{7E69F39F-C4FF-497C-AEB8-48CA421C0813}.Release|x86.ActiveCfg = Release|Win32
		{7E69F39F-C4FF-497C-AEB8-48CA421C0813}.Release|x86.Build.0 = Release|Win32
	EndGlobalSection
	GlobalSection(SolutionProperties) = preSolution
		HideSolutionNode = FALSE
	EndGlobalSection
	GlobalSection(ExtensibilityGlobals) = postSolution
		SolutionGuid = {C63C1034-3F79-4123-9E8E-BD51E39B3A4E}
	EndGlobalSection
EndGlobal
